
Microsoft Visual Studio Solution File, Format Version 12.00
# Visual Studio Version 16
VisualStudioVersion = 16.0.28917.181
MinimumVisualStudioVersion = 10.0.40219.1
Project("{FAE04EC0-301F-11D3-BF4B-00C04F79EFBC}") = "ChallengesWithTestsMark8", "ChallengesWithTestsMark8\ChallengesWithTestsMark8.csproj", "{5D8F9EC8-A726-4E18-B4B5-C64B4DCDE247}"
EndProject
Project("{FAE04EC0-301F-11D3-BF4B-00C04F79EFBC}") = "ChallengesWithTestsMark8.Tests", "ChallengesWithTestsMark8.Tests\ChallengesWithTestsMark8.Tests.csproj", "{5F6EDB8F-2166-447C-BACA-784679AC4459}"
EndProject
Global
	GlobalSection(SolutionConfigurationPlatforms) = preSolution
		Debug|Any CPU = Debug|Any CPU
		Release|Any CPU = Release|Any CPU
	EndGlobalSection
	GlobalSection(ProjectConfigurationPlatforms) = postSolution
		{5D8F9EC8-A726-4E18-B4B5-C64B4DCDE247}.Debug|Any CPU.ActiveCfg = Debug|Any CPU
		{5D8F9EC8-A726-4E18-B4B5-C64B4DCDE247}.Debug|Any CPU.Build.0 = Debug|Any CPU
		{5D8F9EC8-A726-4E18-B4B5-C64B4DCDE247}.Release|Any CPU.ActiveCfg = Release|Any CPU
		{5D8F9EC8-A726-4E18-B4B5-C64B4DCDE247}.Release|Any CPU.Build.0 = Release|Any CPU
		{5F6EDB8F-2166-447C-BACA-784679AC4459}.Debug|Any CPU.ActiveCfg = Debug|Any CPU
		{5F6EDB8F-2166-447C-BACA-784679AC4459}.Debug|Any CPU.Build.0 = Debug|Any CPU
		{5F6EDB8F-2166-447C-BACA-784679AC4459}.Release|Any CPU.ActiveCfg = Release|Any CPU
		{5F6EDB8F-2166-447C-BACA-784679AC4459}.Release|Any CPU.Build.0 = Release|Any CPU
	EndGlobalSection
	GlobalSection(SolutionProperties) = preSolution
		HideSolutionNode = FALSE
	EndGlobalSection
	GlobalSection(ExtensibilityGlobals) = postSolution
		SolutionGuid = {CBC2D810-1B09-40D4-83CB-88085DB0F48D}
	EndGlobalSection
EndGlobal
